
Microsoft Visual Studio Solution File, Format Version 12.00
# Visual Studio Version 16
VisualStudioVersion = 16.0.31624.102
MinimumVisualStudioVersion = 10.0.40219.1
Project("{FAE04EC0-301F-11D3-BF4B-00C04F79EFBC}") = "RockPaperScissors", "RockPaperScissors\RockPaperScissors.csproj", "{AEDF38BF-1C54-4B6D-8FB0-2BD45345FFDE}"
EndProject
Global
	GlobalSection(SolutionConfigurationPlatforms) = preSolution
		Debug|Any CPU = Debug|Any CPU
		Release|Any CPU = Release|Any CPU
	EndGlobalSection
	GlobalSection(ProjectConfigurationPlatforms) = postSolution
		{AEDF38BF-1C54-4B6D-8FB0-2BD45345FFDE}.Debug|Any CPU.ActiveCfg = Debug|Any CPU
		{AEDF38BF-1C54-4B6D-8FB0-2BD45345FFDE}.Debug|Any CPU.Build.0 = Debug|Any CPU
		{AEDF38BF-1C54-4B6D-8FB0-2BD45345FFDE}.Release|Any CPU.ActiveCfg = Release|Any CPU
		{AEDF38BF-1C54-4B6D-8FB0-2BD45345FFDE}.Release|Any CPU.Build.0 = Release|Any CPU
	EndGlobalSection
	GlobalSection(SolutionProperties) = preSolution
		HideSolutionNode = FALSE
	EndGlobalSection
	GlobalSection(ExtensibilityGlobals) = postSolution
		SolutionGuid = {53799751-4963-49B4-93A1-DB4390860EAB}
	EndGlobalSection
EndGlobal
